// !$*UTF8*$!
{
	archiveVersion = 1;
	classes = {
	};
	objectVersion = 46;
	objects = {

/* Begin PBXBuildFile section */
		EA7B9F8B1B385363008CDFB0 /* AppDelegate.swift in Sources */ = {isa = PBXBuildFile; fileRef = EA7B9F8A1B385363008CDFB0 /* AppDelegate.swift */; };
		EA7B9F8D1B385363008CDFB0 /* ViewController.swift in Sources */ = {isa = PBXBuildFile; fileRef = EA7B9F8C1B385363008CDFB0 /* ViewController.swift */; };
		EA7B9F901B385363008CDFB0 /* Main.storyboard in Resources */ = {isa = PBXBuildFile; fileRef = EA7B9F8E1B385363008CDFB0 /* Main.storyboard */; };
		EA7B9F921B385363008CDFB0 /* Images.xcassets in Resources */ = {isa = PBXBuildFile; fileRef = EA7B9F911B385363008CDFB0 /* Images.xcassets */; };
		EA7B9F951B385363008CDFB0 /* LaunchScreen.xib in Resources */ = {isa = PBXBuildFile; fileRef = EA7B9F931B385363008CDFB0 /* LaunchScreen.xib */; };
		EA7B9FA11B385364008CDFB0 /* swiftCourseTests.swift in Sources */ = {isa = PBXBuildFile; fileRef = EA7B9FA01B385364008CDFB0 /* swiftCourseTests.swift */; };
/* End PBXBuildFile section */

/* Begin PBXContainerItemProxy section */
		EA7B9F9B1B385364008CDFB0 /* PBXContainerItemProxy */ = {
			isa = PBXContainerItemProxy;
			containerPortal = EA7B9F7D1B385363008CDFB0 /* Project object */;
			proxyType = 1;
			remoteGlobalIDString = EA7B9F841B385363008CDFB0;
			remoteInfo = swiftCourse;
		};
/* End PBXContainerItemProxy section */

/* Begin PBXFileReference section */
		EA7B9F851B385363008CDFB0 /* swiftCourse.app */ = {isa = PBXFileReference; explicitFileType = wrapper.application; includeInIndex = 0; path = swiftCourse.app; sourceTree = BUILT_PRODUCTS_DIR; };
		EA7B9F891B385363008CDFB0 /* Info.plist */ = {isa = PBXFileReference; lastKnownFileType = text.plist.xml; path = Info.plist; sourceTree = "<group>"; };
		EA7B9F8A1B385363008CDFB0 /* AppDelegate.swift */ = {isa = PBXFileReference; lastKnownFileType = sourcecode.swift; path = AppDelegate.swift; sourceTree = "<group>"; };
		EA7B9F8C1B385363008CDFB0 /* ViewController.swift */ = {isa = PBXFileReference; lastKnownFileType = sourcecode.swift; path = ViewController.swift; sourceTree = "<group>"; };
		EA7B9F8F1B385363008CDFB0 /* Base */ = {isa = PBXFileReference; lastKnownFileType = file.storyboard; name = Base; path = Base.lproj/Main.storyboard; sourceTree = "<group>"; };
		EA7B9F911B385363008CDFB0 /* Images.xcassets */ = {isa = PBXFileReference; lastKnownFileType = folder.assetcatalog; path = Images.xcassets; sourceTree = "<group>"; };
		EA7B9F941B385363008CDFB0 /* Base */ = {isa = PBXFileReference; lastKnownFileType = file.xib; name = Base; path = Base.lproj/LaunchScreen.xib; sourceTree = "<group>"; };
		EA7B9F9A1B385364008CDFB0 /* swiftCourseTests.xctest */ = {isa = PBXFileReference; explicitFileType = wrapper.cfbundle; includeInIndex = 0; path = swiftCourseTests.xctest; sourceTree = BUILT_PRODUCTS_DIR; };
		EA7B9F9F1B385364008CDFB0 /* Info.plist */ = {isa = PBXFileReference; lastKnownFileType = text.plist.xml; path = Info.plist; sourceTree = "<group>"; };
		EA7B9FA01B385364008CDFB0 /* swiftCourseTests.swift */ = {isa = PBXFileReference; lastKnownFileType = sourcecode.swift; path = swiftCourseTests.swift; sourceTree = "<group>"; };
		EA9903A31B386C100002957D /* MyPlayground.playground */ = {isa = PBXFileReference; lastKnownFileType = file.playground; path = MyPlayground.playground; sourceTree = "<group>"; };
/* End PBXFileReference section */

/* Begin PBXFrameworksBuildPhase section */
		EA7B9F821B385363008CDFB0 /* Frameworks */ = {
			isa = PBXFrameworksBuildPhase;
			buildActionMask = 2147483647;
			files = (
			);
			runOnlyForDeploymentPostprocessing = 0;
		};
		EA7B9F971B385364008CDFB0 /* Frameworks */ = {
			isa = PBXFrameworksBuildPhase;
			buildActionMask = 2147483647;
			files = (
			);
			runOnlyForDeploymentPostprocessing = 0;
		};
/* End PBXFrameworksBuildPhase section */

/* Begin PBXGroup section */
		EA7B9F7C1B385363008CDFB0 = {
			isa = PBXGroup;
			children = (
				EA7B9F871B385363008CDFB0 /* swiftCourse */,
				EA7B9F9D1B385364008CDFB0 /* swiftCourseTests */,
				EA7B9F861B385363008CDFB0 /* Products */,
			);
			sourceTree = "<group>";
		};
		EA7B9F861B385363008CDFB0 /* Products */ = {
			isa = PBXGroup;
			children = (
				EA7B9F851B385363008CDFB0 /* swiftCourse.app */,
				EA7B9F9A1B385364008CDFB0 /* swiftCourseTests.xctest */,
			);
			name = Products;
			sourceTree = "<group>";
		};
		EA7B9F871B385363008CDFB0 /* swiftCourse */ = {
			isa = PBXGroup;
			children = (
				EA7B9F8A1B385363008CDFB0 /* AppDelegate.swift */,
				EA9903A31B386C100002957D /* MyPlayground.playground */,
				EA7B9F8C1B385363008CDFB0 /* ViewController.swift */,
				EA7B9F8E1B385363008CDFB0 /* Main.storyboard */,
				EA7B9F911B385363008CDFB0 /* Images.xcassets */,
				EA7B9F931B385363008CDFB0 /* LaunchScreen.xib */,
				EA7B9F881B385363008CDFB0 /* Supporting Files */,
			);
			path = swiftCourse;
			sourceTree = "<group>";
		};
		EA7B9F881B385363008CDFB0 /* Supporting Files */ = {
			isa = PBXGroup;
			children = (
				EA7B9F891B385363008CDFB0 /* Info.plist */,
			);
			name = "Supporting Files";
			sourceTree = "<group>";
		};
		EA7B9F9D1B385364008CDFB0 /* swiftCourseTests */ = {
			isa = PBXGroup;
			children = (
				EA7B9FA01B385364008CDFB0 /* swiftCourseTests.swift */,
				EA7B9F9E1B385364008CDFB0 /* Supporting Files */,
			);
			path = swiftCourseTests;
			sourceTree = "<group>";
		};
		EA7B9F9E1B385364008CDFB0 /* Supporting Files */ = {
			isa = PBXGroup;
			children = (
				EA7B9F9F1B385364008CDFB0 /* Info.plist */,
			);
			name = "Supporting Files";
			sourceTree = "<group>";
		};
/* End PBXGroup section */

/* Begin PBXNativeTarget section */
		EA7B9F841B385363008CDFB0 /* swiftCourse */ = {
			isa = PBXNativeTarget;
			buildConfigurationList = EA7B9FA41B385364008CDFB0 /* Build configuration list for PBXNativeTarget "swiftCourse" */;
			buildPhases = (
				EA7B9F811B385363008CDFB0 /* Sources */,
				EA7B9F821B385363008CDFB0 /* Frameworks */,
				EA7B9F831B385363008CDFB0 /* Resources */,
			);
			buildRules = (
			);
			dependencies = (
			);
			name = swiftCourse;
			productName = swiftCourse;
			productReference = EA7B9F851B385363008CDFB0 /* swiftCourse.app */;
			productType = "com.apple.product-type.application";
		};
		EA7B9F991B385364008CDFB0 /* swiftCourseTests */ = {
			isa = PBXNativeTarget;
			buildConfigurationList = EA7B9FA71B385364008CDFB0 /* Build configuration list for PBXNativeTarget "swiftCourseTests" */;
			buildPhases = (
				EA7B9F961B385364008CDFB0 /* Sources */,
				EA7B9F971B385364008CDFB0 /* Frameworks */,
				EA7B9F981B385364008CDFB0 /* Resources */,
			);
			buildRules = (
			);
			dependencies = (
				EA7B9F9C1B385364008CDFB0 /* PBXTargetDependency */,
			);
			name = swiftCourseTests;
			productName = swiftCourseTests;
			productReference = EA7B9F9A1B385364008CDFB0 /* swiftCourseTests.xctest */;
			productType = "com.apple.product-type.bundle.unit-test";
		};
/* End PBXNativeTarget section */

/* Begin PBXProject section */
		EA7B9F7D1B385363008CDFB0 /* Project object */ = {
			isa = PBXProject;
			attributes = {
				LastUpgradeCheck = 0630;
				ORGANIZATIONNAME = "Tec de Monterrey";
				TargetAttributes = {
					EA7B9F841B385363008CDFB0 = {
						CreatedOnToolsVersion = 6.3.2;
						DevelopmentTeam = 327E69729V;
					};
					EA7B9F991B385364008CDFB0 = {
						CreatedOnToolsVersion = 6.3.2;
						TestTargetID = EA7B9F841B385363008CDFB0;
					};
				};
			};
			buildConfigurationList = EA7B9F801B385363008CDFB0 /* Build configuration list for PBXProject "swiftCourse" */;
			compatibilityVersion = "Xcode 3.2";
			developmentRegion = English;
			hasScannedForEncodings = 0;
			knownRegions = (
				en,
				Base,
			);
			mainGroup = EA7B9F7C1B385363008CDFB0;
			productRefGroup = EA7B9F861B385363008CDFB0 /* Products */;
			projectDirPath = "";
			projectRoot = "";
			targets = (
				EA7B9F841B385363008CDFB0 /* swiftCourse */,
				EA7B9F991B385364008CDFB0 /* swiftCourseTests */,
			);
		};
/* End PBXProject section */

/* Begin PBXResourcesBuildPhase section */
		EA7B9F831B385363008CDFB0 /* Resources */ = {
			isa = PBXResourcesBuildPhase;
			buildActionMask = 2147483647;
			files = (
				EA7B9F901B385363008CDFB0 /* Main.storyboard in Resources */,
				EA7B9F951B385363008CDFB0 /* LaunchScreen.xib in Resources */,
				EA7B9F921B385363008CDFB0 /* Images.xcassets in Resources */,
			);
			runOnlyForDeploymentPostprocessing = 0;
		};
		EA7B9F981B385364008CDFB0 /* Resources */ = {
			isa = PBXResourcesBuildPhase;
			buildActionMask = 2147483647;
			files = (
			);
			runOnlyForDeploymentPostprocessing = 0;
		};
/* End PBXResourcesBuildPhase section */

/* Begin PBXSourcesBuildPhase section */
		EA7B9F811B385363008CDFB0 /* Sources */ = {
			isa = PBXSourcesBuildPhase;
			buildActionMask = 2147483647;
			files = (
				EA7B9F8D1B385363008CDFB0 /* ViewController.swift in Sources */,
				EA7B9F8B1B385363008CDFB0 /* AppDelegate.swift in Sources */,
			);
			runOnlyForDeploymentPostprocessing = 0;
		};
		EA7B9F961B385364008CDFB0 /* Sources */ = {
			isa = PBXSourcesBuildPhase;
			buildActionMask = 2147483647;
			files = (
				EA7B9FA11B385364008CDFB0 /* swiftCourseTests.swift in Sources */,
			);
			runOnlyForDeploymentPostprocessing = 0;
		};
/* End PBXSourcesBuildPhase section */

/* Begin PBXTargetDependency section */
		EA7B9F9C1B385364008CDFB0 /* PBXTargetDependency */ = {
			isa = PBXTargetDependency;
			target = EA7B9F841B385363008CDFB0 /* swiftCourse */;
			targetProxy = EA7B9F9B1B385364008CDFB0 /* PBXContainerItemProxy */;
		};
/* End PBXTargetDependency section */

/* Begin PBXVariantGroup section */
		EA7B9F8E1B385363008CDFB0 /* Main.storyboard */ = {
			isa = PBXVariantGroup;
			children = (
				EA7B9F8F1B385363008CDFB0 /* Base */,
			);
			name = Main.storyboard;
			sourceTree = "<group>";
		};
		EA7B9F931B385363008CDFB0 /* LaunchScreen.xib */ = {
			isa = PBXVariantGroup;
			children = (
				EA7B9F941B385363008CDFB0 /* Base */,
			);
			name = LaunchScreen.xib;
			sourceTree = "<group>";
		};
/* End PBXVariantGroup section */

/* Begin XCBuildConfiguration section */
		EA7B9FA21B385364008CDFB0 /* Debug */ = {
			isa = XCBuildConfiguration;
			buildSettings = {
				ALWAYS_SEARCH_USER_PATHS = NO;
				CLANG_CXX_LANGUAGE_STANDARD = "gnu++0x";
				CLANG_CXX_LIBRARY = "libc++";
				CLANG_ENABLE_MODULES = YES;
				CLANG_ENABLE_OBJC_ARC = YES;
				CLANG_WARN_BOOL_CONVERSION = YES;
				CLANG_WARN_CONSTANT_CONVERSION = YES;
				CLANG_WARN_DIRECT_OBJC_ISA_USAGE = YES_ERROR;
				CLANG_WARN_EMPTY_BODY = YES;
				CLANG_WARN_ENUM_CONVERSION = YES;
				CLANG_WARN_INT_CONVERSION = YES;
				CLANG_WARN_OBJC_ROOT_CLASS = YES_ERROR;
				CLANG_WARN_UNREACHABLE_CODE = YES;
				CLANG_WARN__DUPLICATE_METHOD_MATCH = YES;
				"CODE_SIGN_IDENTITY[sdk=iphoneos*]" = "iPhone Developer";
				COPY_PHASE_STRIP = NO;
				DEBUG_INFORMATION_FORMAT = "dwarf-with-dsym";
				ENABLE_STRICT_OBJC_MSGSEND = YES;
				GCC_C_LANGUAGE_STANDARD = gnu99;
				GCC_DYNAMIC_NO_PIC = NO;
				GCC_NO_COMMON_BLOCKS = YES;
				GCC_OPTIMIZATION_LEVEL = 0;
				GCC_PREPROCESSOR_DEFINITIONS = (
					"DEBUG=1",
					"$(inherited)",
				);
				GCC_SYMBOLS_PRIVATE_EXTERN = NO;
				GCC_WARN_64_TO_32_BIT_CONVERSION = YES;
				GCC_WARN_ABOUT_RETURN_TYPE = YES_ERROR;
				GCC_WARN_UNDECLARED_SELECTOR = YES;
				GCC_WARN_UNINITIALIZED_AUTOS = YES_AGGRESSIVE;
				GCC_WARN_UNUSED_FUNCTION = YES;
				GCC_WARN_UNUSED_VARIABLE = YES;
				IPHONEOS_DEPLOYMENT_TARGET = 8.3;
				MTL_ENABLE_DEBUG_INFO = YES;
				ONLY_ACTIVE_ARCH = YES;
				SDKROOT = iphoneos;
				SWIFT_OPTIMIZATION_LEVEL = "-Onone";
				TARGETED_DEVICE_FAMILY = "1,2";
			};
			name = Debug;
		};
		EA7B9FA31B385364008CDFB0 /* Release */ = {
			isa = XCBuildConfiguration;
			buildSettings = {
				ALWAYS_SEARCH_USER_PATHS = NO;
				CLANG_CXX_LANGUAGE_STANDARD = "gnu++0x";
				CLANG_CXX_LIBRARY = "libc++";
				CLANG_ENABLE_MODULES = YES;
				CLANG_ENABLE_OBJC_ARC = YES;
				CLANG_WARN_BOOL_CONVERSION = YES;
				CLANG_WARN_CONSTANT_CONVERSION = YES;
				CLANG_WARN_DIRECT_OBJC_ISA_USAGE = YES_ERROR;
				CLANG_WARN_EMPTY_BODY = YES;
				CLANG_WARN_ENUM_CONVERSION = YES;
				CLANG_WARN_INT_CONVERSION = YES;
				CLANG_WARN_OBJC_ROOT_CLASS = YES_ERROR;
				CLANG_WARN_UNREACHABLE_CODE = YES;
				CLANG_WARN__DUPLICATE_METHOD_MATCH = YES;
				"CODE_SIGN_IDENTITY[sdk=iphoneos*]" = "iPhone Developer";
				COPY_PHASE_STRIP = NO;
				DEBUG_INFORMATION_FORMAT = "dwarf-with-dsym";
				ENABLE_NS_ASSERTIONS = NO;
				ENABLE_STRICT_OBJC_MSGSEND = YES;
				GCC_C_LANGUAGE_STANDARD = gnu99;
				GCC_NO_COMMON_BLOCKS = YES;
				GCC_WARN_64_TO_32_BIT_CONVERSION = YES;
				GCC_WARN_ABOUT_RETURN_TYPE = YES_ERROR;
				GCC_WARN_UNDECLARED_SELECTOR = YES;
				GCC_WARN_UNINITIALIZED_AUTOS = YES_AGGRESSIVE;
				GCC_WARN_UNUSED_FUNCTION = YES;
				GCC_WARN_UNUSED_VARIABLE = YES;
				IPHONEOS_DEPLOYMENT_TARGET = 8.3;
				MTL_ENABLE_DEBUG_INFO = NO;
				SDKROOT = iphoneos;
				TARGETED_DEVICE_FAMILY = "1,2";
				VALIDATE_PRODUCT = YES;
			};
			name = Release;
		};
		EA7B9FA51B385364008CDFB0 /* Debug */ = {
			isa = XCBuildConfiguration;
			buildSettings = {
				ASSETCATALOG_COMPILER_APPICON_NAME = AppIcon;
				CODE_SIGN_IDENTITY = "iPhone Developer";
				INFOPLIST_FILE = swiftCourse/Info.plist;
				LD_RUNPATH_SEARCH_PATHS = "$(inherited) @executable_path/Frameworks";
				PRODUCT_NAME = "$(TARGET_NAME)";
			};
			name = Debug;
		};
		EA7B9FA61B385364008CDFB0 /* Release */ = {
			isa = XCBuildConfiguration;
			buildSettings = {
				ASSETCATALOG_COMPILER_APPICON_NAME = AppIcon;
				CODE_SIGN_IDENTITY = "iPhone Developer";
				INFOPLIST_FILE = swiftCourse/Info.plist;
				LD_RUNPATH_SEARCH_PATHS = "$(inherited) @executable_path/Frameworks";
				PRODUCT_NAME = "$(TARGET_NAME)";
			};
			name = Release;
		};
		EA7B9FA81B385364008CDFB0 /* Debug */ = {
			isa = XCBuildConfiguration;
			buildSettings = {
				BUNDLE_LOADER = "$(TEST_HOST)";
				FRAMEWORK_SEARCH_PATHS = (
					"$(SDKROOT)/Developer/Library/Frameworks",
					"$(inherited)",
				);
				GCC_PREPROCESSOR_DEFINITIONS = (
					"DEBUG=1",
					"$(inherited)",
				);
				INFOPLIST_FILE = swiftCourseTests/Info.plist;
				LD_RUNPATH_SEARCH_PATHS = "$(inherited) @executable_path/Frameworks @loader_path/Frameworks";
				PRODUCT_NAME = "$(TARGET_NAME)";
				TEST_HOST = "$(BUILT_PRODUCTS_DIR)/swiftCourse.app/swiftCourse";
			};
			name = Debug;
		};
		EA7B9FA91B385364008CDFB0 /* Release */ = {
			isa = XCBuildConfiguration;
			buildSettings = {
				BUNDLE_LOADER = "$(TEST_HOST)";
				FRAMEWORK_SEARCH_PATHS = (
					"$(SDKROOT)/Developer/Library/Frameworks",
					"$(inherited)",
				);
				INFOPLIST_FILE = swiftCourseTests/Info.plist;
				LD_RUNPATH_SEARCH_PATHS = "$(inherited) @executable_path/Frameworks @loader_path/Frameworks";
				PRODUCT_NAME = "$(TARGET_NAME)";
				TEST_HOST = "$(BUILT_PRODUCTS_DIR)/swiftCourse.app/swiftCourse";
			};
			name = Release;
		};
/* End XCBuildConfiguration section */

/* Begin XCConfigurationList section */
		EA7B9F801B385363008CDFB0 /* Build configuration list for PBXProject "swiftCourse" */ = {
			isa = XCConfigurationList;
			buildConfigurations = (
				EA7B9FA21B385364008CDFB0 /* Debug */,
				EA7B9FA31B385364008CDFB0 /* Release */,
			);
			defaultConfigurationIsVisible = 0;
			defaultConfigurationName = Release;
		};
		EA7B9FA41B385364008CDFB0 /* Build configuration list for PBXNativeTarget "swiftCourse" */ = {
			isa = XCConfigurationList;
			buildConfigurations = (
				EA7B9FA51B385364008CDFB0 /* Debug */,
				EA7B9FA61B385364008CDFB0 /* Release */,
			);
			defaultConfigurationIsVisible = 0;
			defaultConfigurationName = Release;
		};
		EA7B9FA71B385364008CDFB0 /* Build configuration list for PBXNativeTarget "swiftCourseTests" */ = {
			isa = XCConfigurationList;
			buildConfigurations = (
				EA7B9FA81B385364008CDFB0 /* Debug */,
				EA7B9FA91B385364008CDFB0 /* Release */,
			);
			defaultConfigurationIsVisible = 0;
			defaultConfigurationName = Release;
		};
/* End XCConfigurationList section */
	};
	rootObject = EA7B9F7D1B385363008CDFB0 /* Project object */;
}
