// !$*UTF8*$!
{
	archiveVersion = 1;
	classes = {
	};
	objectVersion = 46;
	objects = {

/* Begin PBXBuildFile section */
		EA7730081B3AF83D00A27322 /* AppDelegate.swift in Sources */ = {isa = PBXBuildFile; fileRef = EA7730071B3AF83D00A27322 /* AppDelegate.swift */; };
		EA77300A1B3AF83D00A27322 /* ViewController.swift in Sources */ = {isa = PBXBuildFile; fileRef = EA7730091B3AF83D00A27322 /* ViewController.swift */; };
		EA77300D1B3AF83D00A27322 /* Main.storyboard in Resources */ = {isa = PBXBuildFile; fileRef = EA77300B1B3AF83D00A27322 /* Main.storyboard */; };
		EA77300F1B3AF83D00A27322 /* Images.xcassets in Resources */ = {isa = PBXBuildFile; fileRef = EA77300E1B3AF83D00A27322 /* Images.xcassets */; };
		EA7730121B3AF83D00A27322 /* LaunchScreen.xib in Resources */ = {isa = PBXBuildFile; fileRef = EA7730101B3AF83D00A27322 /* LaunchScreen.xib */; };
		EA77301E1B3AF83D00A27322 /* TablasTests.swift in Sources */ = {isa = PBXBuildFile; fileRef = EA77301D1B3AF83D00A27322 /* TablasTests.swift */; };
/* End PBXBuildFile section */

/* Begin PBXContainerItemProxy section */
		EA7730181B3AF83D00A27322 /* PBXContainerItemProxy */ = {
			isa = PBXContainerItemProxy;
			containerPortal = EA772FFA1B3AF83D00A27322 /* Project object */;
			proxyType = 1;
			remoteGlobalIDString = EA7730011B3AF83D00A27322;
			remoteInfo = Tablas;
		};
/* End PBXContainerItemProxy section */

/* Begin PBXFileReference section */
		EA7730021B3AF83D00A27322 /* Tablas.app */ = {isa = PBXFileReference; explicitFileType = wrapper.application; includeInIndex = 0; path = Tablas.app; sourceTree = BUILT_PRODUCTS_DIR; };
		EA7730061B3AF83D00A27322 /* Info.plist */ = {isa = PBXFileReference; lastKnownFileType = text.plist.xml; path = Info.plist; sourceTree = "<group>"; };
		EA7730071B3AF83D00A27322 /* AppDelegate.swift */ = {isa = PBXFileReference; lastKnownFileType = sourcecode.swift; path = AppDelegate.swift; sourceTree = "<group>"; };
		EA7730091B3AF83D00A27322 /* ViewController.swift */ = {isa = PBXFileReference; lastKnownFileType = sourcecode.swift; path = ViewController.swift; sourceTree = "<group>"; };
		EA77300C1B3AF83D00A27322 /* Base */ = {isa = PBXFileReference; lastKnownFileType = file.storyboard; name = Base; path = Base.lproj/Main.storyboard; sourceTree = "<group>"; };
		EA77300E1B3AF83D00A27322 /* Images.xcassets */ = {isa = PBXFileReference; lastKnownFileType = folder.assetcatalog; path = Images.xcassets; sourceTree = "<group>"; };
		EA7730111B3AF83D00A27322 /* Base */ = {isa = PBXFileReference; lastKnownFileType = file.xib; name = Base; path = Base.lproj/LaunchScreen.xib; sourceTree = "<group>"; };
		EA7730171B3AF83D00A27322 /* TablasTests.xctest */ = {isa = PBXFileReference; explicitFileType = wrapper.cfbundle; includeInIndex = 0; path = TablasTests.xctest; sourceTree = BUILT_PRODUCTS_DIR; };
		EA77301C1B3AF83D00A27322 /* Info.plist */ = {isa = PBXFileReference; lastKnownFileType = text.plist.xml; path = Info.plist; sourceTree = "<group>"; };
		EA77301D1B3AF83D00A27322 /* TablasTests.swift */ = {isa = PBXFileReference; lastKnownFileType = sourcecode.swift; path = TablasTests.swift; sourceTree = "<group>"; };
/* End PBXFileReference section */

/* Begin PBXFrameworksBuildPhase section */
		EA772FFF1B3AF83D00A27322 /* Frameworks */ = {
			isa = PBXFrameworksBuildPhase;
			buildActionMask = 2147483647;
			files = (
			);
			runOnlyForDeploymentPostprocessing = 0;
		};
		EA7730141B3AF83D00A27322 /* Frameworks */ = {
			isa = PBXFrameworksBuildPhase;
			buildActionMask = 2147483647;
			files = (
			);
			runOnlyForDeploymentPostprocessing = 0;
		};
/* End PBXFrameworksBuildPhase section */

/* Begin PBXGroup section */
		EA772FF91B3AF83D00A27322 = {
			isa = PBXGroup;
			children = (
				EA7730041B3AF83D00A27322 /* Tablas */,
				EA77301A1B3AF83D00A27322 /* TablasTests */,
				EA7730031B3AF83D00A27322 /* Products */,
			);
			sourceTree = "<group>";
		};
		EA7730031B3AF83D00A27322 /* Products */ = {
			isa = PBXGroup;
			children = (
				EA7730021B3AF83D00A27322 /* Tablas.app */,
				EA7730171B3AF83D00A27322 /* TablasTests.xctest */,
			);
			name = Products;
			sourceTree = "<group>";
		};
		EA7730041B3AF83D00A27322 /* Tablas */ = {
			isa = PBXGroup;
			children = (
				EA7730071B3AF83D00A27322 /* AppDelegate.swift */,
				EA7730091B3AF83D00A27322 /* ViewController.swift */,
				EA77300B1B3AF83D00A27322 /* Main.storyboard */,
				EA77300E1B3AF83D00A27322 /* Images.xcassets */,
				EA7730101B3AF83D00A27322 /* LaunchScreen.xib */,
				EA7730051B3AF83D00A27322 /* Supporting Files */,
			);
			path = Tablas;
			sourceTree = "<group>";
		};
		EA7730051B3AF83D00A27322 /* Supporting Files */ = {
			isa = PBXGroup;
			children = (
				EA7730061B3AF83D00A27322 /* Info.plist */,
			);
			name = "Supporting Files";
			sourceTree = "<group>";
		};
		EA77301A1B3AF83D00A27322 /* TablasTests */ = {
			isa = PBXGroup;
			children = (
				EA77301D1B3AF83D00A27322 /* TablasTests.swift */,
				EA77301B1B3AF83D00A27322 /* Supporting Files */,
			);
			path = TablasTests;
			sourceTree = "<group>";
		};
		EA77301B1B3AF83D00A27322 /* Supporting Files */ = {
			isa = PBXGroup;
			children = (
				EA77301C1B3AF83D00A27322 /* Info.plist */,
			);
			name = "Supporting Files";
			sourceTree = "<group>";
		};
/* End PBXGroup section */

/* Begin PBXNativeTarget section */
		EA7730011B3AF83D00A27322 /* Tablas */ = {
			isa = PBXNativeTarget;
			buildConfigurationList = EA7730211B3AF83D00A27322 /* Build configuration list for PBXNativeTarget "Tablas" */;
			buildPhases = (
				EA772FFE1B3AF83D00A27322 /* Sources */,
				EA772FFF1B3AF83D00A27322 /* Frameworks */,
				EA7730001B3AF83D00A27322 /* Resources */,
			);
			buildRules = (
			);
			dependencies = (
			);
			name = Tablas;
			productName = Tablas;
			productReference = EA7730021B3AF83D00A27322 /* Tablas.app */;
			productType = "com.apple.product-type.application";
		};
		EA7730161B3AF83D00A27322 /* TablasTests */ = {
			isa = PBXNativeTarget;
			buildConfigurationList = EA7730241B3AF83D00A27322 /* Build configuration list for PBXNativeTarget "TablasTests" */;
			buildPhases = (
				EA7730131B3AF83D00A27322 /* Sources */,
				EA7730141B3AF83D00A27322 /* Frameworks */,
				EA7730151B3AF83D00A27322 /* Resources */,
			);
			buildRules = (
			);
			dependencies = (
				EA7730191B3AF83D00A27322 /* PBXTargetDependency */,
			);
			name = TablasTests;
			productName = TablasTests;
			productReference = EA7730171B3AF83D00A27322 /* TablasTests.xctest */;
			productType = "com.apple.product-type.bundle.unit-test";
		};
/* End PBXNativeTarget section */

/* Begin PBXProject section */
		EA772FFA1B3AF83D00A27322 /* Project object */ = {
			isa = PBXProject;
			attributes = {
				LastUpgradeCheck = 0630;
				ORGANIZATIONNAME = "Tec de Monterrey";
				TargetAttributes = {
					EA7730011B3AF83D00A27322 = {
						CreatedOnToolsVersion = 6.3.2;
					};
					EA7730161B3AF83D00A27322 = {
						CreatedOnToolsVersion = 6.3.2;
						TestTargetID = EA7730011B3AF83D00A27322;
					};
				};
			};
			buildConfigurationList = EA772FFD1B3AF83D00A27322 /* Build configuration list for PBXProject "Tablas" */;
			compatibilityVersion = "Xcode 3.2";
			developmentRegion = English;
			hasScannedForEncodings = 0;
			knownRegions = (
				en,
				Base,
			);
			mainGroup = EA772FF91B3AF83D00A27322;
			productRefGroup = EA7730031B3AF83D00A27322 /* Products */;
			projectDirPath = "";
			projectRoot = "";
			targets = (
				EA7730011B3AF83D00A27322 /* Tablas */,
				EA7730161B3AF83D00A27322 /* TablasTests */,
			);
		};
/* End PBXProject section */

/* Begin PBXResourcesBuildPhase section */
		EA7730001B3AF83D00A27322 /* Resources */ = {
			isa = PBXResourcesBuildPhase;
			buildActionMask = 2147483647;
			files = (
				EA77300D1B3AF83D00A27322 /* Main.storyboard in Resources */,
				EA7730121B3AF83D00A27322 /* LaunchScreen.xib in Resources */,
				EA77300F1B3AF83D00A27322 /* Images.xcassets in Resources */,
			);
			runOnlyForDeploymentPostprocessing = 0;
		};
		EA7730151B3AF83D00A27322 /* Resources */ = {
			isa = PBXResourcesBuildPhase;
			buildActionMask = 2147483647;
			files = (
			);
			runOnlyForDeploymentPostprocessing = 0;
		};
/* End PBXResourcesBuildPhase section */

/* Begin PBXSourcesBuildPhase section */
		EA772FFE1B3AF83D00A27322 /* Sources */ = {
			isa = PBXSourcesBuildPhase;
			buildActionMask = 2147483647;
			files = (
				EA77300A1B3AF83D00A27322 /* ViewController.swift in Sources */,
				EA7730081B3AF83D00A27322 /* AppDelegate.swift in Sources */,
			);
			runOnlyForDeploymentPostprocessing = 0;
		};
		EA7730131B3AF83D00A27322 /* Sources */ = {
			isa = PBXSourcesBuildPhase;
			buildActionMask = 2147483647;
			files = (
				EA77301E1B3AF83D00A27322 /* TablasTests.swift in Sources */,
			);
			runOnlyForDeploymentPostprocessing = 0;
		};
/* End PBXSourcesBuildPhase section */

/* Begin PBXTargetDependency section */
		EA7730191B3AF83D00A27322 /* PBXTargetDependency */ = {
			isa = PBXTargetDependency;
			target = EA7730011B3AF83D00A27322 /* Tablas */;
			targetProxy = EA7730181B3AF83D00A27322 /* PBXContainerItemProxy */;
		};
/* End PBXTargetDependency section */

/* Begin PBXVariantGroup section */
		EA77300B1B3AF83D00A27322 /* Main.storyboard */ = {
			isa = PBXVariantGroup;
			children = (
				EA77300C1B3AF83D00A27322 /* Base */,
			);
			name = Main.storyboard;
			sourceTree = "<group>";
		};
		EA7730101B3AF83D00A27322 /* LaunchScreen.xib */ = {
			isa = PBXVariantGroup;
			children = (
				EA7730111B3AF83D00A27322 /* Base */,
			);
			name = LaunchScreen.xib;
			sourceTree = "<group>";
		};
/* End PBXVariantGroup section */

/* Begin XCBuildConfiguration section */
		EA77301F1B3AF83D00A27322 /* Debug */ = {
			isa = XCBuildConfiguration;
			buildSettings = {
				ALWAYS_SEARCH_USER_PATHS = NO;
				CLANG_CXX_LANGUAGE_STANDARD = "gnu++0x";
				CLANG_CXX_LIBRARY = "libc++";
				CLANG_ENABLE_MODULES = YES;
				CLANG_ENABLE_OBJC_ARC = YES;
				CLANG_WARN_BOOL_CONVERSION = YES;
				CLANG_WARN_CONSTANT_CONVERSION = YES;
				CLANG_WARN_DIRECT_OBJC_ISA_USAGE = YES_ERROR;
				CLANG_WARN_EMPTY_BODY = YES;
				CLANG_WARN_ENUM_CONVERSION = YES;
				CLANG_WARN_INT_CONVERSION = YES;
				CLANG_WARN_OBJC_ROOT_CLASS = YES_ERROR;
				CLANG_WARN_UNREACHABLE_CODE = YES;
				CLANG_WARN__DUPLICATE_METHOD_MATCH = YES;
				"CODE_SIGN_IDENTITY[sdk=iphoneos*]" = "iPhone Developer";
				COPY_PHASE_STRIP = NO;
				DEBUG_INFORMATION_FORMAT = "dwarf-with-dsym";
				ENABLE_STRICT_OBJC_MSGSEND = YES;
				GCC_C_LANGUAGE_STANDARD = gnu99;
				GCC_DYNAMIC_NO_PIC = NO;
				GCC_NO_COMMON_BLOCKS = YES;
				GCC_OPTIMIZATION_LEVEL = 0;
				GCC_PREPROCESSOR_DEFINITIONS = (
					"DEBUG=1",
					"$(inherited)",
				);
				GCC_SYMBOLS_PRIVATE_EXTERN = NO;
				GCC_WARN_64_TO_32_BIT_CONVERSION = YES;
				GCC_WARN_ABOUT_RETURN_TYPE = YES_ERROR;
				GCC_WARN_UNDECLARED_SELECTOR = YES;
				GCC_WARN_UNINITIALIZED_AUTOS = YES_AGGRESSIVE;
				GCC_WARN_UNUSED_FUNCTION = YES;
				GCC_WARN_UNUSED_VARIABLE = YES;
				IPHONEOS_DEPLOYMENT_TARGET = 8.3;
				MTL_ENABLE_DEBUG_INFO = YES;
				ONLY_ACTIVE_ARCH = YES;
				SDKROOT = iphoneos;
				SWIFT_OPTIMIZATION_LEVEL = "-Onone";
			};
			name = Debug;
		};
		EA7730201B3AF83D00A27322 /* Release */ = {
			isa = XCBuildConfiguration;
			buildSettings = {
				ALWAYS_SEARCH_USER_PATHS = NO;
				CLANG_CXX_LANGUAGE_STANDARD = "gnu++0x";
				CLANG_CXX_LIBRARY = "libc++";
				CLANG_ENABLE_MODULES = YES;
				CLANG_ENABLE_OBJC_ARC = YES;
				CLANG_WARN_BOOL_CONVERSION = YES;
				CLANG_WARN_CONSTANT_CONVERSION = YES;
				CLANG_WARN_DIRECT_OBJC_ISA_USAGE = YES_ERROR;
				CLANG_WARN_EMPTY_BODY = YES;
				CLANG_WARN_ENUM_CONVERSION = YES;
				CLANG_WARN_INT_CONVERSION = YES;
				CLANG_WARN_OBJC_ROOT_CLASS = YES_ERROR;
				CLANG_WARN_UNREACHABLE_CODE = YES;
				CLANG_WARN__DUPLICATE_METHOD_MATCH = YES;
				"CODE_SIGN_IDENTITY[sdk=iphoneos*]" = "iPhone Developer";
				COPY_PHASE_STRIP = NO;
				DEBUG_INFORMATION_FORMAT = "dwarf-with-dsym";
				ENABLE_NS_ASSERTIONS = NO;
				ENABLE_STRICT_OBJC_MSGSEND = YES;
				GCC_C_LANGUAGE_STANDARD = gnu99;
				GCC_NO_COMMON_BLOCKS = YES;
				GCC_WARN_64_TO_32_BIT_CONVERSION = YES;
				GCC_WARN_ABOUT_RETURN_TYPE = YES_ERROR;
				GCC_WARN_UNDECLARED_SELECTOR = YES;
				GCC_WARN_UNINITIALIZED_AUTOS = YES_AGGRESSIVE;
				GCC_WARN_UNUSED_FUNCTION = YES;
				GCC_WARN_UNUSED_VARIABLE = YES;
				IPHONEOS_DEPLOYMENT_TARGET = 8.3;
				MTL_ENABLE_DEBUG_INFO = NO;
				SDKROOT = iphoneos;
				VALIDATE_PRODUCT = YES;
			};
			name = Release;
		};
		EA7730221B3AF83D00A27322 /* Debug */ = {
			isa = XCBuildConfiguration;
			buildSettings = {
				ASSETCATALOG_COMPILER_APPICON_NAME = AppIcon;
				INFOPLIST_FILE = Tablas/Info.plist;
				LD_RUNPATH_SEARCH_PATHS = "$(inherited) @executable_path/Frameworks";
				PRODUCT_NAME = "$(TARGET_NAME)";
			};
			name = Debug;
		};
		EA7730231B3AF83D00A27322 /* Release */ = {
			isa = XCBuildConfiguration;
			buildSettings = {
				ASSETCATALOG_COMPILER_APPICON_NAME = AppIcon;
				INFOPLIST_FILE = Tablas/Info.plist;
				LD_RUNPATH_SEARCH_PATHS = "$(inherited) @executable_path/Frameworks";
				PRODUCT_NAME = "$(TARGET_NAME)";
			};
			name = Release;
		};
		EA7730251B3AF83D00A27322 /* Debug */ = {
			isa = XCBuildConfiguration;
			buildSettings = {
				BUNDLE_LOADER = "$(TEST_HOST)";
				FRAMEWORK_SEARCH_PATHS = (
					"$(SDKROOT)/Developer/Library/Frameworks",
					"$(inherited)",
				);
				GCC_PREPROCESSOR_DEFINITIONS = (
					"DEBUG=1",
					"$(inherited)",
				);
				INFOPLIST_FILE = TablasTests/Info.plist;
				LD_RUNPATH_SEARCH_PATHS = "$(inherited) @executable_path/Frameworks @loader_path/Frameworks";
				PRODUCT_NAME = "$(TARGET_NAME)";
				TEST_HOST = "$(BUILT_PRODUCTS_DIR)/Tablas.app/Tablas";
			};
			name = Debug;
		};
		EA7730261B3AF83D00A27322 /* Release */ = {
			isa = XCBuildConfiguration;
			buildSettings = {
				BUNDLE_LOADER = "$(TEST_HOST)";
				FRAMEWORK_SEARCH_PATHS = (
					"$(SDKROOT)/Developer/Library/Frameworks",
					"$(inherited)",
				);
				INFOPLIST_FILE = TablasTests/Info.plist;
				LD_RUNPATH_SEARCH_PATHS = "$(inherited) @executable_path/Frameworks @loader_path/Frameworks";
				PRODUCT_NAME = "$(TARGET_NAME)";
				TEST_HOST = "$(BUILT_PRODUCTS_DIR)/Tablas.app/Tablas";
			};
			name = Release;
		};
/* End XCBuildConfiguration section */

/* Begin XCConfigurationList section */
		EA772FFD1B3AF83D00A27322 /* Build configuration list for PBXProject "Tablas" */ = {
			isa = XCConfigurationList;
			buildConfigurations = (
				EA77301F1B3AF83D00A27322 /* Debug */,
				EA7730201B3AF83D00A27322 /* Release */,
			);
			defaultConfigurationIsVisible = 0;
			defaultConfigurationName = Release;
		};
		EA7730211B3AF83D00A27322 /* Build configuration list for PBXNativeTarget "Tablas" */ = {
			isa = XCConfigurationList;
			buildConfigurations = (
				EA7730221B3AF83D00A27322 /* Debug */,
				EA7730231B3AF83D00A27322 /* Release */,
			);
			defaultConfigurationIsVisible = 0;
		};
		EA7730241B3AF83D00A27322 /* Build configuration list for PBXNativeTarget "TablasTests" */ = {
			isa = XCConfigurationList;
			buildConfigurations = (
				EA7730251B3AF83D00A27322 /* Debug */,
				EA7730261B3AF83D00A27322 /* Release */,
			);
			defaultConfigurationIsVisible = 0;
		};
/* End XCConfigurationList section */
	};
	rootObject = EA772FFA1B3AF83D00A27322 /* Project object */;
}
