// !$*UTF8*$!
{
	archiveVersion = 1;
	classes = {
	};
	objectVersion = 46;
	objects = {

/* Begin PBXBuildFile section */
		EA44D0721B3C745900CA7F02 /* secondViewController.swift in Sources */ = {isa = PBXBuildFile; fileRef = EA44D0711B3C745900CA7F02 /* secondViewController.swift */; };
		EA6007FC1B3C64C4003B7289 /* AppDelegate.swift in Sources */ = {isa = PBXBuildFile; fileRef = EA6007FB1B3C64C4003B7289 /* AppDelegate.swift */; };
		EA6007FE1B3C64C4003B7289 /* ViewController.swift in Sources */ = {isa = PBXBuildFile; fileRef = EA6007FD1B3C64C4003B7289 /* ViewController.swift */; };
		EA6008011B3C64C4003B7289 /* Main.storyboard in Resources */ = {isa = PBXBuildFile; fileRef = EA6007FF1B3C64C4003B7289 /* Main.storyboard */; };
		EA6008031B3C64C4003B7289 /* Images.xcassets in Resources */ = {isa = PBXBuildFile; fileRef = EA6008021B3C64C4003B7289 /* Images.xcassets */; };
		EA6008061B3C64C4003B7289 /* LaunchScreen.xib in Resources */ = {isa = PBXBuildFile; fileRef = EA6008041B3C64C4003B7289 /* LaunchScreen.xib */; };
		EA6008121B3C64C4003B7289 /* loginPruebaTests.swift in Sources */ = {isa = PBXBuildFile; fileRef = EA6008111B3C64C4003B7289 /* loginPruebaTests.swift */; };
		EA6008201B3C64D2003B7289 /* HTTPRequestSerializer.swift in Sources */ = {isa = PBXBuildFile; fileRef = EA60081B1B3C64D2003B7289 /* HTTPRequestSerializer.swift */; };
		EA6008211B3C64D2003B7289 /* HTTPResponseSerializer.swift in Sources */ = {isa = PBXBuildFile; fileRef = EA60081C1B3C64D2003B7289 /* HTTPResponseSerializer.swift */; };
		EA6008221B3C64D2003B7289 /* HTTPSecurity.swift in Sources */ = {isa = PBXBuildFile; fileRef = EA60081D1B3C64D2003B7289 /* HTTPSecurity.swift */; };
		EA6008231B3C64D2003B7289 /* HTTPTask.swift in Sources */ = {isa = PBXBuildFile; fileRef = EA60081E1B3C64D2003B7289 /* HTTPTask.swift */; };
		EA6008241B3C64D2003B7289 /* HTTPUpload.swift in Sources */ = {isa = PBXBuildFile; fileRef = EA60081F1B3C64D2003B7289 /* HTTPUpload.swift */; };
/* End PBXBuildFile section */

/* Begin PBXContainerItemProxy section */
		EA60080C1B3C64C4003B7289 /* PBXContainerItemProxy */ = {
			isa = PBXContainerItemProxy;
			containerPortal = EA6007EE1B3C64C4003B7289 /* Project object */;
			proxyType = 1;
			remoteGlobalIDString = EA6007F51B3C64C4003B7289;
			remoteInfo = loginPrueba;
		};
/* End PBXContainerItemProxy section */

/* Begin PBXFileReference section */
		EA44D0711B3C745900CA7F02 /* secondViewController.swift */ = {isa = PBXFileReference; fileEncoding = 4; lastKnownFileType = sourcecode.swift; path = secondViewController.swift; sourceTree = "<group>"; };
		EA6007F61B3C64C4003B7289 /* loginPrueba.app */ = {isa = PBXFileReference; explicitFileType = wrapper.application; includeInIndex = 0; path = loginPrueba.app; sourceTree = BUILT_PRODUCTS_DIR; };
		EA6007FA1B3C64C4003B7289 /* Info.plist */ = {isa = PBXFileReference; lastKnownFileType = text.plist.xml; path = Info.plist; sourceTree = "<group>"; };
		EA6007FB1B3C64C4003B7289 /* AppDelegate.swift */ = {isa = PBXFileReference; lastKnownFileType = sourcecode.swift; path = AppDelegate.swift; sourceTree = "<group>"; };
		EA6007FD1B3C64C4003B7289 /* ViewController.swift */ = {isa = PBXFileReference; lastKnownFileType = sourcecode.swift; path = ViewController.swift; sourceTree = "<group>"; };
		EA6008001B3C64C4003B7289 /* Base */ = {isa = PBXFileReference; lastKnownFileType = file.storyboard; name = Base; path = Base.lproj/Main.storyboard; sourceTree = "<group>"; };
		EA6008021B3C64C4003B7289 /* Images.xcassets */ = {isa = PBXFileReference; lastKnownFileType = folder.assetcatalog; path = Images.xcassets; sourceTree = "<group>"; };
		EA6008051B3C64C4003B7289 /* Base */ = {isa = PBXFileReference; lastKnownFileType = file.xib; name = Base; path = Base.lproj/LaunchScreen.xib; sourceTree = "<group>"; };
		EA60080B1B3C64C4003B7289 /* loginPruebaTests.xctest */ = {isa = PBXFileReference; explicitFileType = wrapper.cfbundle; includeInIndex = 0; path = loginPruebaTests.xctest; sourceTree = BUILT_PRODUCTS_DIR; };
		EA6008101B3C64C4003B7289 /* Info.plist */ = {isa = PBXFileReference; lastKnownFileType = text.plist.xml; path = Info.plist; sourceTree = "<group>"; };
		EA6008111B3C64C4003B7289 /* loginPruebaTests.swift */ = {isa = PBXFileReference; lastKnownFileType = sourcecode.swift; path = loginPruebaTests.swift; sourceTree = "<group>"; };
		EA60081B1B3C64D2003B7289 /* HTTPRequestSerializer.swift */ = {isa = PBXFileReference; fileEncoding = 4; lastKnownFileType = sourcecode.swift; path = HTTPRequestSerializer.swift; sourceTree = "<group>"; };
		EA60081C1B3C64D2003B7289 /* HTTPResponseSerializer.swift */ = {isa = PBXFileReference; fileEncoding = 4; lastKnownFileType = sourcecode.swift; path = HTTPResponseSerializer.swift; sourceTree = "<group>"; };
		EA60081D1B3C64D2003B7289 /* HTTPSecurity.swift */ = {isa = PBXFileReference; fileEncoding = 4; lastKnownFileType = sourcecode.swift; path = HTTPSecurity.swift; sourceTree = "<group>"; };
		EA60081E1B3C64D2003B7289 /* HTTPTask.swift */ = {isa = PBXFileReference; fileEncoding = 4; lastKnownFileType = sourcecode.swift; path = HTTPTask.swift; sourceTree = "<group>"; };
		EA60081F1B3C64D2003B7289 /* HTTPUpload.swift */ = {isa = PBXFileReference; fileEncoding = 4; lastKnownFileType = sourcecode.swift; path = HTTPUpload.swift; sourceTree = "<group>"; };
/* End PBXFileReference section */

/* Begin PBXFrameworksBuildPhase section */
		EA6007F31B3C64C4003B7289 /* Frameworks */ = {
			isa = PBXFrameworksBuildPhase;
			buildActionMask = 2147483647;
			files = (
			);
			runOnlyForDeploymentPostprocessing = 0;
		};
		EA6008081B3C64C4003B7289 /* Frameworks */ = {
			isa = PBXFrameworksBuildPhase;
			buildActionMask = 2147483647;
			files = (
			);
			runOnlyForDeploymentPostprocessing = 0;
		};
/* End PBXFrameworksBuildPhase section */

/* Begin PBXGroup section */
		EA6007ED1B3C64C4003B7289 = {
			isa = PBXGroup;
			children = (
				EA6007F81B3C64C4003B7289 /* loginPrueba */,
				EA60080E1B3C64C4003B7289 /* loginPruebaTests */,
				EA6007F71B3C64C4003B7289 /* Products */,
			);
			sourceTree = "<group>";
		};
		EA6007F71B3C64C4003B7289 /* Products */ = {
			isa = PBXGroup;
			children = (
				EA6007F61B3C64C4003B7289 /* loginPrueba.app */,
				EA60080B1B3C64C4003B7289 /* loginPruebaTests.xctest */,
			);
			name = Products;
			sourceTree = "<group>";
		};
		EA6007F81B3C64C4003B7289 /* loginPrueba */ = {
			isa = PBXGroup;
			children = (
				EA60081B1B3C64D2003B7289 /* HTTPRequestSerializer.swift */,
				EA60081C1B3C64D2003B7289 /* HTTPResponseSerializer.swift */,
				EA60081D1B3C64D2003B7289 /* HTTPSecurity.swift */,
				EA60081E1B3C64D2003B7289 /* HTTPTask.swift */,
				EA60081F1B3C64D2003B7289 /* HTTPUpload.swift */,
				EA6007FB1B3C64C4003B7289 /* AppDelegate.swift */,
				EA44D0711B3C745900CA7F02 /* secondViewController.swift */,
				EA6007FD1B3C64C4003B7289 /* ViewController.swift */,
				EA6007FF1B3C64C4003B7289 /* Main.storyboard */,
				EA6008021B3C64C4003B7289 /* Images.xcassets */,
				EA6008041B3C64C4003B7289 /* LaunchScreen.xib */,
				EA6007F91B3C64C4003B7289 /* Supporting Files */,
			);
			path = loginPrueba;
			sourceTree = "<group>";
		};
		EA6007F91B3C64C4003B7289 /* Supporting Files */ = {
			isa = PBXGroup;
			children = (
				EA6007FA1B3C64C4003B7289 /* Info.plist */,
			);
			name = "Supporting Files";
			sourceTree = "<group>";
		};
		EA60080E1B3C64C4003B7289 /* loginPruebaTests */ = {
			isa = PBXGroup;
			children = (
				EA6008111B3C64C4003B7289 /* loginPruebaTests.swift */,
				EA60080F1B3C64C4003B7289 /* Supporting Files */,
			);
			path = loginPruebaTests;
			sourceTree = "<group>";
		};
		EA60080F1B3C64C4003B7289 /* Supporting Files */ = {
			isa = PBXGroup;
			children = (
				EA6008101B3C64C4003B7289 /* Info.plist */,
			);
			name = "Supporting Files";
			sourceTree = "<group>";
		};
/* End PBXGroup section */

/* Begin PBXNativeTarget section */
		EA6007F51B3C64C4003B7289 /* loginPrueba */ = {
			isa = PBXNativeTarget;
			buildConfigurationList = EA6008151B3C64C4003B7289 /* Build configuration list for PBXNativeTarget "loginPrueba" */;
			buildPhases = (
				EA6007F21B3C64C4003B7289 /* Sources */,
				EA6007F31B3C64C4003B7289 /* Frameworks */,
				EA6007F41B3C64C4003B7289 /* Resources */,
			);
			buildRules = (
			);
			dependencies = (
			);
			name = loginPrueba;
			productName = loginPrueba;
			productReference = EA6007F61B3C64C4003B7289 /* loginPrueba.app */;
			productType = "com.apple.product-type.application";
		};
		EA60080A1B3C64C4003B7289 /* loginPruebaTests */ = {
			isa = PBXNativeTarget;
			buildConfigurationList = EA6008181B3C64C4003B7289 /* Build configuration list for PBXNativeTarget "loginPruebaTests" */;
			buildPhases = (
				EA6008071B3C64C4003B7289 /* Sources */,
				EA6008081B3C64C4003B7289 /* Frameworks */,
				EA6008091B3C64C4003B7289 /* Resources */,
			);
			buildRules = (
			);
			dependencies = (
				EA60080D1B3C64C4003B7289 /* PBXTargetDependency */,
			);
			name = loginPruebaTests;
			productName = loginPruebaTests;
			productReference = EA60080B1B3C64C4003B7289 /* loginPruebaTests.xctest */;
			productType = "com.apple.product-type.bundle.unit-test";
		};
/* End PBXNativeTarget section */

/* Begin PBXProject section */
		EA6007EE1B3C64C4003B7289 /* Project object */ = {
			isa = PBXProject;
			attributes = {
				LastUpgradeCheck = 0630;
				ORGANIZATIONNAME = "Tec de Monterrey";
				TargetAttributes = {
					EA6007F51B3C64C4003B7289 = {
						CreatedOnToolsVersion = 6.3.2;
					};
					EA60080A1B3C64C4003B7289 = {
						CreatedOnToolsVersion = 6.3.2;
						TestTargetID = EA6007F51B3C64C4003B7289;
					};
				};
			};
			buildConfigurationList = EA6007F11B3C64C4003B7289 /* Build configuration list for PBXProject "loginPrueba" */;
			compatibilityVersion = "Xcode 3.2";
			developmentRegion = English;
			hasScannedForEncodings = 0;
			knownRegions = (
				en,
				Base,
			);
			mainGroup = EA6007ED1B3C64C4003B7289;
			productRefGroup = EA6007F71B3C64C4003B7289 /* Products */;
			projectDirPath = "";
			projectRoot = "";
			targets = (
				EA6007F51B3C64C4003B7289 /* loginPrueba */,
				EA60080A1B3C64C4003B7289 /* loginPruebaTests */,
			);
		};
/* End PBXProject section */

/* Begin PBXResourcesBuildPhase section */
		EA6007F41B3C64C4003B7289 /* Resources */ = {
			isa = PBXResourcesBuildPhase;
			buildActionMask = 2147483647;
			files = (
				EA6008011B3C64C4003B7289 /* Main.storyboard in Resources */,
				EA6008061B3C64C4003B7289 /* LaunchScreen.xib in Resources */,
				EA6008031B3C64C4003B7289 /* Images.xcassets in Resources */,
			);
			runOnlyForDeploymentPostprocessing = 0;
		};
		EA6008091B3C64C4003B7289 /* Resources */ = {
			isa = PBXResourcesBuildPhase;
			buildActionMask = 2147483647;
			files = (
			);
			runOnlyForDeploymentPostprocessing = 0;
		};
/* End PBXResourcesBuildPhase section */

/* Begin PBXSourcesBuildPhase section */
		EA6007F21B3C64C4003B7289 /* Sources */ = {
			isa = PBXSourcesBuildPhase;
			buildActionMask = 2147483647;
			files = (
				EA44D0721B3C745900CA7F02 /* secondViewController.swift in Sources */,
				EA6008231B3C64D2003B7289 /* HTTPTask.swift in Sources */,
				EA6008211B3C64D2003B7289 /* HTTPResponseSerializer.swift in Sources */,
				EA6008241B3C64D2003B7289 /* HTTPUpload.swift in Sources */,
				EA6008201B3C64D2003B7289 /* HTTPRequestSerializer.swift in Sources */,
				EA6008221B3C64D2003B7289 /* HTTPSecurity.swift in Sources */,
				EA6007FE1B3C64C4003B7289 /* ViewController.swift in Sources */,
				EA6007FC1B3C64C4003B7289 /* AppDelegate.swift in Sources */,
			);
			runOnlyForDeploymentPostprocessing = 0;
		};
		EA6008071B3C64C4003B7289 /* Sources */ = {
			isa = PBXSourcesBuildPhase;
			buildActionMask = 2147483647;
			files = (
				EA6008121B3C64C4003B7289 /* loginPruebaTests.swift in Sources */,
			);
			runOnlyForDeploymentPostprocessing = 0;
		};
/* End PBXSourcesBuildPhase section */

/* Begin PBXTargetDependency section */
		EA60080D1B3C64C4003B7289 /* PBXTargetDependency */ = {
			isa = PBXTargetDependency;
			target = EA6007F51B3C64C4003B7289 /* loginPrueba */;
			targetProxy = EA60080C1B3C64C4003B7289 /* PBXContainerItemProxy */;
		};
/* End PBXTargetDependency section */

/* Begin PBXVariantGroup section */
		EA6007FF1B3C64C4003B7289 /* Main.storyboard */ = {
			isa = PBXVariantGroup;
			children = (
				EA6008001B3C64C4003B7289 /* Base */,
			);
			name = Main.storyboard;
			sourceTree = "<group>";
		};
		EA6008041B3C64C4003B7289 /* LaunchScreen.xib */ = {
			isa = PBXVariantGroup;
			children = (
				EA6008051B3C64C4003B7289 /* Base */,
			);
			name = LaunchScreen.xib;
			sourceTree = "<group>";
		};
/* End PBXVariantGroup section */

/* Begin XCBuildConfiguration section */
		EA6008131B3C64C4003B7289 /* Debug */ = {
			isa = XCBuildConfiguration;
			buildSettings = {
				ALWAYS_SEARCH_USER_PATHS = NO;
				CLANG_CXX_LANGUAGE_STANDARD = "gnu++0x";
				CLANG_CXX_LIBRARY = "libc++";
				CLANG_ENABLE_MODULES = YES;
				CLANG_ENABLE_OBJC_ARC = YES;
				CLANG_WARN_BOOL_CONVERSION = YES;
				CLANG_WARN_CONSTANT_CONVERSION = YES;
				CLANG_WARN_DIRECT_OBJC_ISA_USAGE = YES_ERROR;
				CLANG_WARN_EMPTY_BODY = YES;
				CLANG_WARN_ENUM_CONVERSION = YES;
				CLANG_WARN_INT_CONVERSION = YES;
				CLANG_WARN_OBJC_ROOT_CLASS = YES_ERROR;
				CLANG_WARN_UNREACHABLE_CODE = YES;
				CLANG_WARN__DUPLICATE_METHOD_MATCH = YES;
				"CODE_SIGN_IDENTITY[sdk=iphoneos*]" = "iPhone Developer";
				COPY_PHASE_STRIP = NO;
				DEBUG_INFORMATION_FORMAT = "dwarf-with-dsym";
				ENABLE_STRICT_OBJC_MSGSEND = YES;
				GCC_C_LANGUAGE_STANDARD = gnu99;
				GCC_DYNAMIC_NO_PIC = NO;
				GCC_NO_COMMON_BLOCKS = YES;
				GCC_OPTIMIZATION_LEVEL = 0;
				GCC_PREPROCESSOR_DEFINITIONS = (
					"DEBUG=1",
					"$(inherited)",
				);
				GCC_SYMBOLS_PRIVATE_EXTERN = NO;
				GCC_WARN_64_TO_32_BIT_CONVERSION = YES;
				GCC_WARN_ABOUT_RETURN_TYPE = YES_ERROR;
				GCC_WARN_UNDECLARED_SELECTOR = YES;
				GCC_WARN_UNINITIALIZED_AUTOS = YES_AGGRESSIVE;
				GCC_WARN_UNUSED_FUNCTION = YES;
				GCC_WARN_UNUSED_VARIABLE = YES;
				IPHONEOS_DEPLOYMENT_TARGET = 8.3;
				MTL_ENABLE_DEBUG_INFO = YES;
				ONLY_ACTIVE_ARCH = YES;
				SDKROOT = iphoneos;
				SWIFT_OPTIMIZATION_LEVEL = "-Onone";
			};
			name = Debug;
		};
		EA6008141B3C64C4003B7289 /* Release */ = {
			isa = XCBuildConfiguration;
			buildSettings = {
				ALWAYS_SEARCH_USER_PATHS = NO;
				CLANG_CXX_LANGUAGE_STANDARD = "gnu++0x";
				CLANG_CXX_LIBRARY = "libc++";
				CLANG_ENABLE_MODULES = YES;
				CLANG_ENABLE_OBJC_ARC = YES;
				CLANG_WARN_BOOL_CONVERSION = YES;
				CLANG_WARN_CONSTANT_CONVERSION = YES;
				CLANG_WARN_DIRECT_OBJC_ISA_USAGE = YES_ERROR;
				CLANG_WARN_EMPTY_BODY = YES;
				CLANG_WARN_ENUM_CONVERSION = YES;
				CLANG_WARN_INT_CONVERSION = YES;
				CLANG_WARN_OBJC_ROOT_CLASS = YES_ERROR;
				CLANG_WARN_UNREACHABLE_CODE = YES;
				CLANG_WARN__DUPLICATE_METHOD_MATCH = YES;
				"CODE_SIGN_IDENTITY[sdk=iphoneos*]" = "iPhone Developer";
				COPY_PHASE_STRIP = NO;
				DEBUG_INFORMATION_FORMAT = "dwarf-with-dsym";
				ENABLE_NS_ASSERTIONS = NO;
				ENABLE_STRICT_OBJC_MSGSEND = YES;
				GCC_C_LANGUAGE_STANDARD = gnu99;
				GCC_NO_COMMON_BLOCKS = YES;
				GCC_WARN_64_TO_32_BIT_CONVERSION = YES;
				GCC_WARN_ABOUT_RETURN_TYPE = YES_ERROR;
				GCC_WARN_UNDECLARED_SELECTOR = YES;
				GCC_WARN_UNINITIALIZED_AUTOS = YES_AGGRESSIVE;
				GCC_WARN_UNUSED_FUNCTION = YES;
				GCC_WARN_UNUSED_VARIABLE = YES;
				IPHONEOS_DEPLOYMENT_TARGET = 8.3;
				MTL_ENABLE_DEBUG_INFO = NO;
				SDKROOT = iphoneos;
				VALIDATE_PRODUCT = YES;
			};
			name = Release;
		};
		EA6008161B3C64C4003B7289 /* Debug */ = {
			isa = XCBuildConfiguration;
			buildSettings = {
				ASSETCATALOG_COMPILER_APPICON_NAME = AppIcon;
				INFOPLIST_FILE = loginPrueba/Info.plist;
				LD_RUNPATH_SEARCH_PATHS = "$(inherited) @executable_path/Frameworks";
				PRODUCT_NAME = "$(TARGET_NAME)";
			};
			name = Debug;
		};
		EA6008171B3C64C4003B7289 /* Release */ = {
			isa = XCBuildConfiguration;
			buildSettings = {
				ASSETCATALOG_COMPILER_APPICON_NAME = AppIcon;
				INFOPLIST_FILE = loginPrueba/Info.plist;
				LD_RUNPATH_SEARCH_PATHS = "$(inherited) @executable_path/Frameworks";
				PRODUCT_NAME = "$(TARGET_NAME)";
			};
			name = Release;
		};
		EA6008191B3C64C4003B7289 /* Debug */ = {
			isa = XCBuildConfiguration;
			buildSettings = {
				BUNDLE_LOADER = "$(TEST_HOST)";
				FRAMEWORK_SEARCH_PATHS = (
					"$(SDKROOT)/Developer/Library/Frameworks",
					"$(inherited)",
				);
				GCC_PREPROCESSOR_DEFINITIONS = (
					"DEBUG=1",
					"$(inherited)",
				);
				INFOPLIST_FILE = loginPruebaTests/Info.plist;
				LD_RUNPATH_SEARCH_PATHS = "$(inherited) @executable_path/Frameworks @loader_path/Frameworks";
				PRODUCT_NAME = "$(TARGET_NAME)";
				TEST_HOST = "$(BUILT_PRODUCTS_DIR)/loginPrueba.app/loginPrueba";
			};
			name = Debug;
		};
		EA60081A1B3C64C4003B7289 /* Release */ = {
			isa = XCBuildConfiguration;
			buildSettings = {
				BUNDLE_LOADER = "$(TEST_HOST)";
				FRAMEWORK_SEARCH_PATHS = (
					"$(SDKROOT)/Developer/Library/Frameworks",
					"$(inherited)",
				);
				INFOPLIST_FILE = loginPruebaTests/Info.plist;
				LD_RUNPATH_SEARCH_PATHS = "$(inherited) @executable_path/Frameworks @loader_path/Frameworks";
				PRODUCT_NAME = "$(TARGET_NAME)";
				TEST_HOST = "$(BUILT_PRODUCTS_DIR)/loginPrueba.app/loginPrueba";
			};
			name = Release;
		};
/* End XCBuildConfiguration section */

/* Begin XCConfigurationList section */
		EA6007F11B3C64C4003B7289 /* Build configuration list for PBXProject "loginPrueba" */ = {
			isa = XCConfigurationList;
			buildConfigurations = (
				EA6008131B3C64C4003B7289 /* Debug */,
				EA6008141B3C64C4003B7289 /* Release */,
			);
			defaultConfigurationIsVisible = 0;
			defaultConfigurationName = Release;
		};
		EA6008151B3C64C4003B7289 /* Build configuration list for PBXNativeTarget "loginPrueba" */ = {
			isa = XCConfigurationList;
			buildConfigurations = (
				EA6008161B3C64C4003B7289 /* Debug */,
				EA6008171B3C64C4003B7289 /* Release */,
			);
			defaultConfigurationIsVisible = 0;
			defaultConfigurationName = Release;
		};
		EA6008181B3C64C4003B7289 /* Build configuration list for PBXNativeTarget "loginPruebaTests" */ = {
			isa = XCConfigurationList;
			buildConfigurations = (
				EA6008191B3C64C4003B7289 /* Debug */,
				EA60081A1B3C64C4003B7289 /* Release */,
			);
			defaultConfigurationIsVisible = 0;
			defaultConfigurationName = Release;
		};
/* End XCConfigurationList section */
	};
	rootObject = EA6007EE1B3C64C4003B7289 /* Project object */;
}
