// !$*UTF8*$!
{
	archiveVersion = 1;
	classes = {
	};
	objectVersion = 46;
	objects = {

/* Begin PBXBuildFile section */
		EAB721521B39E5F000470227 /* AppDelegate.swift in Sources */ = {isa = PBXBuildFile; fileRef = EAB721511B39E5F000470227 /* AppDelegate.swift */; };
		EAB721541B39E5F000470227 /* ViewController.swift in Sources */ = {isa = PBXBuildFile; fileRef = EAB721531B39E5F000470227 /* ViewController.swift */; };
		EAB721571B39E5F000470227 /* Main.storyboard in Resources */ = {isa = PBXBuildFile; fileRef = EAB721551B39E5F000470227 /* Main.storyboard */; };
		EAB721591B39E5F000470227 /* Images.xcassets in Resources */ = {isa = PBXBuildFile; fileRef = EAB721581B39E5F000470227 /* Images.xcassets */; };
		EAB7215C1B39E5F000470227 /* LaunchScreen.xib in Resources */ = {isa = PBXBuildFile; fileRef = EAB7215A1B39E5F000470227 /* LaunchScreen.xib */; };
		EAB721681B39E5F000470227 /* CalculadoraTests.swift in Sources */ = {isa = PBXBuildFile; fileRef = EAB721671B39E5F000470227 /* CalculadoraTests.swift */; };
/* End PBXBuildFile section */

/* Begin PBXContainerItemProxy section */
		EAB721621B39E5F000470227 /* PBXContainerItemProxy */ = {
			isa = PBXContainerItemProxy;
			containerPortal = EAB721441B39E5F000470227 /* Project object */;
			proxyType = 1;
			remoteGlobalIDString = EAB7214B1B39E5F000470227;
			remoteInfo = Calculadora;
		};
/* End PBXContainerItemProxy section */

/* Begin PBXFileReference section */
		EAB7214C1B39E5F000470227 /* Calculadora.app */ = {isa = PBXFileReference; explicitFileType = wrapper.application; includeInIndex = 0; path = Calculadora.app; sourceTree = BUILT_PRODUCTS_DIR; };
		EAB721501B39E5F000470227 /* Info.plist */ = {isa = PBXFileReference; lastKnownFileType = text.plist.xml; path = Info.plist; sourceTree = "<group>"; };
		EAB721511B39E5F000470227 /* AppDelegate.swift */ = {isa = PBXFileReference; lastKnownFileType = sourcecode.swift; path = AppDelegate.swift; sourceTree = "<group>"; };
		EAB721531B39E5F000470227 /* ViewController.swift */ = {isa = PBXFileReference; lastKnownFileType = sourcecode.swift; path = ViewController.swift; sourceTree = "<group>"; };
		EAB721561B39E5F000470227 /* Base */ = {isa = PBXFileReference; lastKnownFileType = file.storyboard; name = Base; path = Base.lproj/Main.storyboard; sourceTree = "<group>"; };
		EAB721581B39E5F000470227 /* Images.xcassets */ = {isa = PBXFileReference; lastKnownFileType = folder.assetcatalog; path = Images.xcassets; sourceTree = "<group>"; };
		EAB7215B1B39E5F000470227 /* Base */ = {isa = PBXFileReference; lastKnownFileType = file.xib; name = Base; path = Base.lproj/LaunchScreen.xib; sourceTree = "<group>"; };
		EAB721611B39E5F000470227 /* CalculadoraTests.xctest */ = {isa = PBXFileReference; explicitFileType = wrapper.cfbundle; includeInIndex = 0; path = CalculadoraTests.xctest; sourceTree = BUILT_PRODUCTS_DIR; };
		EAB721661B39E5F000470227 /* Info.plist */ = {isa = PBXFileReference; lastKnownFileType = text.plist.xml; path = Info.plist; sourceTree = "<group>"; };
		EAB721671B39E5F000470227 /* CalculadoraTests.swift */ = {isa = PBXFileReference; lastKnownFileType = sourcecode.swift; path = CalculadoraTests.swift; sourceTree = "<group>"; };
/* End PBXFileReference section */

/* Begin PBXFrameworksBuildPhase section */
		EAB721491B39E5F000470227 /* Frameworks */ = {
			isa = PBXFrameworksBuildPhase;
			buildActionMask = 2147483647;
			files = (
			);
			runOnlyForDeploymentPostprocessing = 0;
		};
		EAB7215E1B39E5F000470227 /* Frameworks */ = {
			isa = PBXFrameworksBuildPhase;
			buildActionMask = 2147483647;
			files = (
			);
			runOnlyForDeploymentPostprocessing = 0;
		};
/* End PBXFrameworksBuildPhase section */

/* Begin PBXGroup section */
		EAB721431B39E5F000470227 = {
			isa = PBXGroup;
			children = (
				EAB7214E1B39E5F000470227 /* Calculadora */,
				EAB721641B39E5F000470227 /* CalculadoraTests */,
				EAB7214D1B39E5F000470227 /* Products */,
			);
			sourceTree = "<group>";
		};
		EAB7214D1B39E5F000470227 /* Products */ = {
			isa = PBXGroup;
			children = (
				EAB7214C1B39E5F000470227 /* Calculadora.app */,
				EAB721611B39E5F000470227 /* CalculadoraTests.xctest */,
			);
			name = Products;
			sourceTree = "<group>";
		};
		EAB7214E1B39E5F000470227 /* Calculadora */ = {
			isa = PBXGroup;
			children = (
				EAB721511B39E5F000470227 /* AppDelegate.swift */,
				EAB721531B39E5F000470227 /* ViewController.swift */,
				EAB721551B39E5F000470227 /* Main.storyboard */,
				EAB721581B39E5F000470227 /* Images.xcassets */,
				EAB7215A1B39E5F000470227 /* LaunchScreen.xib */,
				EAB7214F1B39E5F000470227 /* Supporting Files */,
			);
			path = Calculadora;
			sourceTree = "<group>";
		};
		EAB7214F1B39E5F000470227 /* Supporting Files */ = {
			isa = PBXGroup;
			children = (
				EAB721501B39E5F000470227 /* Info.plist */,
			);
			name = "Supporting Files";
			sourceTree = "<group>";
		};
		EAB721641B39E5F000470227 /* CalculadoraTests */ = {
			isa = PBXGroup;
			children = (
				EAB721671B39E5F000470227 /* CalculadoraTests.swift */,
				EAB721651B39E5F000470227 /* Supporting Files */,
			);
			path = CalculadoraTests;
			sourceTree = "<group>";
		};
		EAB721651B39E5F000470227 /* Supporting Files */ = {
			isa = PBXGroup;
			children = (
				EAB721661B39E5F000470227 /* Info.plist */,
			);
			name = "Supporting Files";
			sourceTree = "<group>";
		};
/* End PBXGroup section */

/* Begin PBXNativeTarget section */
		EAB7214B1B39E5F000470227 /* Calculadora */ = {
			isa = PBXNativeTarget;
			buildConfigurationList = EAB7216B1B39E5F000470227 /* Build configuration list for PBXNativeTarget "Calculadora" */;
			buildPhases = (
				EAB721481B39E5F000470227 /* Sources */,
				EAB721491B39E5F000470227 /* Frameworks */,
				EAB7214A1B39E5F000470227 /* Resources */,
			);
			buildRules = (
			);
			dependencies = (
			);
			name = Calculadora;
			productName = Calculadora;
			productReference = EAB7214C1B39E5F000470227 /* Calculadora.app */;
			productType = "com.apple.product-type.application";
		};
		EAB721601B39E5F000470227 /* CalculadoraTests */ = {
			isa = PBXNativeTarget;
			buildConfigurationList = EAB7216E1B39E5F000470227 /* Build configuration list for PBXNativeTarget "CalculadoraTests" */;
			buildPhases = (
				EAB7215D1B39E5F000470227 /* Sources */,
				EAB7215E1B39E5F000470227 /* Frameworks */,
				EAB7215F1B39E5F000470227 /* Resources */,
			);
			buildRules = (
			);
			dependencies = (
				EAB721631B39E5F000470227 /* PBXTargetDependency */,
			);
			name = CalculadoraTests;
			productName = CalculadoraTests;
			productReference = EAB721611B39E5F000470227 /* CalculadoraTests.xctest */;
			productType = "com.apple.product-type.bundle.unit-test";
		};
/* End PBXNativeTarget section */

/* Begin PBXProject section */
		EAB721441B39E5F000470227 /* Project object */ = {
			isa = PBXProject;
			attributes = {
				LastUpgradeCheck = 0630;
				ORGANIZATIONNAME = "Tec de Monterrey";
				TargetAttributes = {
					EAB7214B1B39E5F000470227 = {
						CreatedOnToolsVersion = 6.3.2;
					};
					EAB721601B39E5F000470227 = {
						CreatedOnToolsVersion = 6.3.2;
						TestTargetID = EAB7214B1B39E5F000470227;
					};
				};
			};
			buildConfigurationList = EAB721471B39E5F000470227 /* Build configuration list for PBXProject "Calculadora" */;
			compatibilityVersion = "Xcode 3.2";
			developmentRegion = English;
			hasScannedForEncodings = 0;
			knownRegions = (
				en,
				Base,
			);
			mainGroup = EAB721431B39E5F000470227;
			productRefGroup = EAB7214D1B39E5F000470227 /* Products */;
			projectDirPath = "";
			projectRoot = "";
			targets = (
				EAB7214B1B39E5F000470227 /* Calculadora */,
				EAB721601B39E5F000470227 /* CalculadoraTests */,
			);
		};
/* End PBXProject section */

/* Begin PBXResourcesBuildPhase section */
		EAB7214A1B39E5F000470227 /* Resources */ = {
			isa = PBXResourcesBuildPhase;
			buildActionMask = 2147483647;
			files = (
				EAB721571B39E5F000470227 /* Main.storyboard in Resources */,
				EAB7215C1B39E5F000470227 /* LaunchScreen.xib in Resources */,
				EAB721591B39E5F000470227 /* Images.xcassets in Resources */,
			);
			runOnlyForDeploymentPostprocessing = 0;
		};
		EAB7215F1B39E5F000470227 /* Resources */ = {
			isa = PBXResourcesBuildPhase;
			buildActionMask = 2147483647;
			files = (
			);
			runOnlyForDeploymentPostprocessing = 0;
		};
/* End PBXResourcesBuildPhase section */

/* Begin PBXSourcesBuildPhase section */
		EAB721481B39E5F000470227 /* Sources */ = {
			isa = PBXSourcesBuildPhase;
			buildActionMask = 2147483647;
			files = (
				EAB721541B39E5F000470227 /* ViewController.swift in Sources */,
				EAB721521B39E5F000470227 /* AppDelegate.swift in Sources */,
			);
			runOnlyForDeploymentPostprocessing = 0;
		};
		EAB7215D1B39E5F000470227 /* Sources */ = {
			isa = PBXSourcesBuildPhase;
			buildActionMask = 2147483647;
			files = (
				EAB721681B39E5F000470227 /* CalculadoraTests.swift in Sources */,
			);
			runOnlyForDeploymentPostprocessing = 0;
		};
/* End PBXSourcesBuildPhase section */

/* Begin PBXTargetDependency section */
		EAB721631B39E5F000470227 /* PBXTargetDependency */ = {
			isa = PBXTargetDependency;
			target = EAB7214B1B39E5F000470227 /* Calculadora */;
			targetProxy = EAB721621B39E5F000470227 /* PBXContainerItemProxy */;
		};
/* End PBXTargetDependency section */

/* Begin PBXVariantGroup section */
		EAB721551B39E5F000470227 /* Main.storyboard */ = {
			isa = PBXVariantGroup;
			children = (
				EAB721561B39E5F000470227 /* Base */,
			);
			name = Main.storyboard;
			sourceTree = "<group>";
		};
		EAB7215A1B39E5F000470227 /* LaunchScreen.xib */ = {
			isa = PBXVariantGroup;
			children = (
				EAB7215B1B39E5F000470227 /* Base */,
			);
			name = LaunchScreen.xib;
			sourceTree = "<group>";
		};
/* End PBXVariantGroup section */

/* Begin XCBuildConfiguration section */
		EAB721691B39E5F000470227 /* Debug */ = {
			isa = XCBuildConfiguration;
			buildSettings = {
				ALWAYS_SEARCH_USER_PATHS = NO;
				CLANG_CXX_LANGUAGE_STANDARD = "gnu++0x";
				CLANG_CXX_LIBRARY = "libc++";
				CLANG_ENABLE_MODULES = YES;
				CLANG_ENABLE_OBJC_ARC = YES;
				CLANG_WARN_BOOL_CONVERSION = YES;
				CLANG_WARN_CONSTANT_CONVERSION = YES;
				CLANG_WARN_DIRECT_OBJC_ISA_USAGE = YES_ERROR;
				CLANG_WARN_EMPTY_BODY = YES;
				CLANG_WARN_ENUM_CONVERSION = YES;
				CLANG_WARN_INT_CONVERSION = YES;
				CLANG_WARN_OBJC_ROOT_CLASS = YES_ERROR;
				CLANG_WARN_UNREACHABLE_CODE = YES;
				CLANG_WARN__DUPLICATE_METHOD_MATCH = YES;
				"CODE_SIGN_IDENTITY[sdk=iphoneos*]" = "iPhone Developer";
				COPY_PHASE_STRIP = NO;
				DEBUG_INFORMATION_FORMAT = "dwarf-with-dsym";
				ENABLE_STRICT_OBJC_MSGSEND = YES;
				GCC_C_LANGUAGE_STANDARD = gnu99;
				GCC_DYNAMIC_NO_PIC = NO;
				GCC_NO_COMMON_BLOCKS = YES;
				GCC_OPTIMIZATION_LEVEL = 0;
				GCC_PREPROCESSOR_DEFINITIONS = (
					"DEBUG=1",
					"$(inherited)",
				);
				GCC_SYMBOLS_PRIVATE_EXTERN = NO;
				GCC_WARN_64_TO_32_BIT_CONVERSION = YES;
				GCC_WARN_ABOUT_RETURN_TYPE = YES_ERROR;
				GCC_WARN_UNDECLARED_SELECTOR = YES;
				GCC_WARN_UNINITIALIZED_AUTOS = YES_AGGRESSIVE;
				GCC_WARN_UNUSED_FUNCTION = YES;
				GCC_WARN_UNUSED_VARIABLE = YES;
				IPHONEOS_DEPLOYMENT_TARGET = 8.3;
				MTL_ENABLE_DEBUG_INFO = YES;
				ONLY_ACTIVE_ARCH = YES;
				SDKROOT = iphoneos;
				SWIFT_OPTIMIZATION_LEVEL = "-Onone";
			};
			name = Debug;
		};
		EAB7216A1B39E5F000470227 /* Release */ = {
			isa = XCBuildConfiguration;
			buildSettings = {
				ALWAYS_SEARCH_USER_PATHS = NO;
				CLANG_CXX_LANGUAGE_STANDARD = "gnu++0x";
				CLANG_CXX_LIBRARY = "libc++";
				CLANG_ENABLE_MODULES = YES;
				CLANG_ENABLE_OBJC_ARC = YES;
				CLANG_WARN_BOOL_CONVERSION = YES;
				CLANG_WARN_CONSTANT_CONVERSION = YES;
				CLANG_WARN_DIRECT_OBJC_ISA_USAGE = YES_ERROR;
				CLANG_WARN_EMPTY_BODY = YES;
				CLANG_WARN_ENUM_CONVERSION = YES;
				CLANG_WARN_INT_CONVERSION = YES;
				CLANG_WARN_OBJC_ROOT_CLASS = YES_ERROR;
				CLANG_WARN_UNREACHABLE_CODE = YES;
				CLANG_WARN__DUPLICATE_METHOD_MATCH = YES;
				"CODE_SIGN_IDENTITY[sdk=iphoneos*]" = "iPhone Developer";
				COPY_PHASE_STRIP = NO;
				DEBUG_INFORMATION_FORMAT = "dwarf-with-dsym";
				ENABLE_NS_ASSERTIONS = NO;
				ENABLE_STRICT_OBJC_MSGSEND = YES;
				GCC_C_LANGUAGE_STANDARD = gnu99;
				GCC_NO_COMMON_BLOCKS = YES;
				GCC_WARN_64_TO_32_BIT_CONVERSION = YES;
				GCC_WARN_ABOUT_RETURN_TYPE = YES_ERROR;
				GCC_WARN_UNDECLARED_SELECTOR = YES;
				GCC_WARN_UNINITIALIZED_AUTOS = YES_AGGRESSIVE;
				GCC_WARN_UNUSED_FUNCTION = YES;
				GCC_WARN_UNUSED_VARIABLE = YES;
				IPHONEOS_DEPLOYMENT_TARGET = 8.3;
				MTL_ENABLE_DEBUG_INFO = NO;
				SDKROOT = iphoneos;
				VALIDATE_PRODUCT = YES;
			};
			name = Release;
		};
		EAB7216C1B39E5F000470227 /* Debug */ = {
			isa = XCBuildConfiguration;
			buildSettings = {
				ASSETCATALOG_COMPILER_APPICON_NAME = AppIcon;
				INFOPLIST_FILE = Calculadora/Info.plist;
				LD_RUNPATH_SEARCH_PATHS = "$(inherited) @executable_path/Frameworks";
				PRODUCT_NAME = "$(TARGET_NAME)";
			};
			name = Debug;
		};
		EAB7216D1B39E5F000470227 /* Release */ = {
			isa = XCBuildConfiguration;
			buildSettings = {
				ASSETCATALOG_COMPILER_APPICON_NAME = AppIcon;
				INFOPLIST_FILE = Calculadora/Info.plist;
				LD_RUNPATH_SEARCH_PATHS = "$(inherited) @executable_path/Frameworks";
				PRODUCT_NAME = "$(TARGET_NAME)";
			};
			name = Release;
		};
		EAB7216F1B39E5F000470227 /* Debug */ = {
			isa = XCBuildConfiguration;
			buildSettings = {
				BUNDLE_LOADER = "$(TEST_HOST)";
				FRAMEWORK_SEARCH_PATHS = (
					"$(SDKROOT)/Developer/Library/Frameworks",
					"$(inherited)",
				);
				GCC_PREPROCESSOR_DEFINITIONS = (
					"DEBUG=1",
					"$(inherited)",
				);
				INFOPLIST_FILE = CalculadoraTests/Info.plist;
				LD_RUNPATH_SEARCH_PATHS = "$(inherited) @executable_path/Frameworks @loader_path/Frameworks";
				PRODUCT_NAME = "$(TARGET_NAME)";
				TEST_HOST = "$(BUILT_PRODUCTS_DIR)/Calculadora.app/Calculadora";
			};
			name = Debug;
		};
		EAB721701B39E5F000470227 /* Release */ = {
			isa = XCBuildConfiguration;
			buildSettings = {
				BUNDLE_LOADER = "$(TEST_HOST)";
				FRAMEWORK_SEARCH_PATHS = (
					"$(SDKROOT)/Developer/Library/Frameworks",
					"$(inherited)",
				);
				INFOPLIST_FILE = CalculadoraTests/Info.plist;
				LD_RUNPATH_SEARCH_PATHS = "$(inherited) @executable_path/Frameworks @loader_path/Frameworks";
				PRODUCT_NAME = "$(TARGET_NAME)";
				TEST_HOST = "$(BUILT_PRODUCTS_DIR)/Calculadora.app/Calculadora";
			};
			name = Release;
		};
/* End XCBuildConfiguration section */

/* Begin XCConfigurationList section */
		EAB721471B39E5F000470227 /* Build configuration list for PBXProject "Calculadora" */ = {
			isa = XCConfigurationList;
			buildConfigurations = (
				EAB721691B39E5F000470227 /* Debug */,
				EAB7216A1B39E5F000470227 /* Release */,
			);
			defaultConfigurationIsVisible = 0;
			defaultConfigurationName = Release;
		};
		EAB7216B1B39E5F000470227 /* Build configuration list for PBXNativeTarget "Calculadora" */ = {
			isa = XCConfigurationList;
			buildConfigurations = (
				EAB7216C1B39E5F000470227 /* Debug */,
				EAB7216D1B39E5F000470227 /* Release */,
			);
			defaultConfigurationIsVisible = 0;
		};
		EAB7216E1B39E5F000470227 /* Build configuration list for PBXNativeTarget "CalculadoraTests" */ = {
			isa = XCConfigurationList;
			buildConfigurations = (
				EAB7216F1B39E5F000470227 /* Debug */,
				EAB721701B39E5F000470227 /* Release */,
			);
			defaultConfigurationIsVisible = 0;
		};
/* End XCConfigurationList section */
	};
	rootObject = EAB721441B39E5F000470227 /* Project object */;
}
